[[package]]
category = "main"
description = "Async http client/server framework (asyncio)"
name = "aiohttp"
optional = false
python-versions = ">=3.5.3"
version = "3.6.2"

[package.dependencies]
async-timeout = ">=3.0,<4.0"
attrs = ">=17.3.0"
chardet = ">=2.0,<4.0"
multidict = ">=4.5,<5.0"
yarl = ">=1.0,<2.0"

[package.dependencies.idna-ssl]
python = "<3.7"
version = ">=1.0"

[package.dependencies.typing-extensions]
python = "<3.7"
version = ">=3.6.5"

[package.extras]
speedups = ["aiodns", "brotlipy", "cchardet"]

[[package]]
category = "main"
description = "Jobs scheduler for managing background task (asyncio)."
name = "aiojobs"
optional = false
python-versions = ">=3.5"
version = "0.2.2"

[package.dependencies]
aiohttp = ">=2.3.0"

[[package]]
category = "main"
description = "Timeout context manager for asyncio programs"
name = "async-timeout"
optional = false
python-versions = ">=3.5.3"
version = "3.0.1"

[[package]]
category = "dev"
description = "Atomic file writes."
marker = "sys_platform == \"win32\""
name = "atomicwrites"
optional = false
python-versions = ">=2.7, !=3.0.*, !=3.1.*, !=3.2.*, !=3.3.*"
version = "1.4.0"

[[package]]
category = "main"
description = "Classes Without Boilerplate"
name = "attrs"
optional = false
python-versions = ">=2.7, !=3.0.*, !=3.1.*, !=3.2.*, !=3.3.*"
version = "19.3.0"

[package.extras]
azure-pipelines = ["coverage", "hypothesis", "pympler", "pytest (>=4.3.0)", "six", "zope.interface", "pytest-azurepipelines"]
dev = ["coverage", "hypothesis", "pympler", "pytest (>=4.3.0)", "six", "zope.interface", "sphinx", "pre-commit"]
docs = ["sphinx", "zope.interface"]
tests = ["coverage", "hypothesis", "pympler", "pytest (>=4.3.0)", "six", "zope.interface"]

[[package]]
category = "dev"
description = "fork of xolox coloredlogs with possibility to log to travis and jupyter"
name = "bitranox-coloredlogs"
optional = false
python-versions = ">=3.6.0"
version = "14.0.8"

[package.dependencies]
click = "*"
humanfriendly = ">=7.1"

[[package]]
category = "main"
description = "Universal encoding detector for Python 2 and 3"
name = "chardet"
optional = false
python-versions = "*"
version = "3.0.4"

[[package]]
category = "dev"
description = "functions to exit an cli application properly"
name = "cli-exit-tools"
optional = false
python-versions = ">=3.6.0"
version = "1.1.7"

[package.dependencies]
click = "*"

[[package]]
category = "dev"
description = "Composable command line interface toolkit"
name = "click"
optional = false
python-versions = ">=2.7, !=3.0.*, !=3.1.*, !=3.2.*, !=3.3.*, !=3.4.*"
version = "7.1.2"

[[package]]
category = "dev"
description = "Cross-platform colored terminal text."
marker = "sys_platform == \"win32\""
name = "colorama"
optional = false
python-versions = ">=2.7, !=3.0.*, !=3.1.*, !=3.2.*, !=3.3.*, !=3.4.*"
version = "0.4.3"

[[package]]
category = "main"
description = "A backport of the dataclasses module for Python 3.6"
marker = "python_version < \"3.7\""
name = "dataclasses"
optional = false
python-versions = "*"
version = "0.6"

[[package]]
category = "dev"
description = "fake winreg, in order to test registry related functions on linux"
name = "fake-winreg"
optional = false
python-versions = ">=3.6.0"
version = "1.5.5"

[package.dependencies]
cli-exit-tools = "*"
click = "*"
wrapt = "*"

[[package]]
category = "main"
description = "FastAPI framework, high performance, easy to learn, fast to code, ready for production"
name = "fastapi"
optional = false
python-versions = ">=3.6"
version = "0.55.1"

[package.dependencies]
pydantic = ">=0.32.2,<2.0.0"
starlette = "0.13.2"

[package.extras]
all = ["requests", "aiofiles", "jinja2", "python-multipart", "itsdangerous", "pyyaml", "graphene", "ujson", "orjson", "email-validator", "uvicorn", "async-exit-stack", "async-generator"]
dev = ["pyjwt", "passlib", "autoflake", "flake8", "uvicorn", "graphene"]
doc = ["mkdocs", "mkdocs-material", "markdown-include", "typer", "typer-cli", "pyyaml"]
test = ["pytest (>=4.0.0)", "pytest-cov", "mypy", "black", "isort", "requests", "email-validator", "sqlalchemy", "peewee", "databases", "orjson", "async-exit-stack", "async-generator", "python-multipart", "aiofiles", "flask"]

[[package]]
category = "dev"
description = "A pure-Python, bring-your-own-I/O implementation of HTTP/1.1"
name = "h11"
optional = false
python-versions = "*"
version = "0.8.1"

[[package]]
category = "dev"
description = "A collection of framework independent HTTP protocol utils."
marker = "sys_platform != \"win32\" and sys_platform != \"cygwin\" and platform_python_implementation != \"pypy\""
name = "httptools"
optional = false
python-versions = "*"
version = "0.0.13"

[[package]]
category = "dev"
description = "Human friendly output for text interfaces using Python"
name = "humanfriendly"
optional = false
python-versions = ">=2.7, !=3.0.*, !=3.1.*, !=3.2.*, !=3.3.*, !=3.4.*"
version = "8.2"

[package.dependencies]
pyreadline = "*"

[[package]]
category = "main"
description = "Internationalized Domain Names in Applications (IDNA)"
name = "idna"
optional = false
python-versions = ">=2.7, !=3.0.*, !=3.1.*, !=3.2.*, !=3.3.*"
version = "2.10"

[[package]]
category = "main"
description = "Patch ssl.match_hostname for Unicode(idna) domains support"
marker = "python_version < \"3.7\""
name = "idna-ssl"
optional = false
python-versions = "*"
version = "1.1.0"

[package.dependencies]
idna = ">=2.0"

[[package]]
category = "dev"
description = "Read metadata from Python packages"
marker = "python_version < \"3.8\""
name = "importlib-metadata"
optional = false
python-versions = "!=3.0.*,!=3.1.*,!=3.2.*,!=3.3.*,!=3.4.*,>=2.7"
version = "1.7.0"

[package.dependencies]
zipp = ">=0.5"

[package.extras]
docs = ["sphinx", "rst.linker"]
testing = ["packaging", "pep517", "importlib-resources (>=1.3)"]

[[package]]
category = "dev"
description = "some convenience functions for lists"
name = "lib-list"
optional = false
python-versions = ">=3.6.0"
version = "1.1.4"

[package.dependencies]
cli-exit-tools = "*"
click = "*"

[[package]]
category = "dev"
description = "colored log messages and banners from commandline and python"
name = "lib-log-utils"
optional = false
python-versions = ">=3.6.0"
version = "1.4.9"

[package.dependencies]
bitranox-coloredlogs = "*"
cli-exit-tools = "*"
click = "*"
lib-parameter = "*"
lib-platform = "*"
lib-programname = "*"

[[package]]
category = "dev"
description = "small gist,to return a default value if the parameter is None"
name = "lib-parameter"
optional = false
python-versions = ">=3.6.0"
version = "1.1.7"

[package.dependencies]
cli-exit-tools = "*"
click = "*"

[[package]]
category = "dev"
description = "some platform related functions, which also work correctly on wine"
name = "lib-platform"
optional = false
python-versions = ">=3.6.0"
version = "1.2.6"

[package.dependencies]
cli-exit-tools = "*"
click = "*"
lib-registry = "*"

[[package]]
category = "dev"
description = "get reliably the name of the executed script"
name = "lib-programname"
optional = false
python-versions = ">=3.6.0"
version = "1.1.7"

[package.dependencies]
cli-exit-tools = "*"
click = "*"

[[package]]
category = "dev"
description = "a more pythonic way to access the windows registry as winreg"
name = "lib-registry"
optional = false
python-versions = ">=3.6.0"
version = "2.0.5"

[package.dependencies]
cli-exit-tools = "*"
click = "*"
fake-winreg = "*"

[[package]]
category = "dev"
description = "More routines for operating on iterables, beyond itertools"
name = "more-itertools"
optional = false
python-versions = ">=3.5"
version = "8.4.0"

[[package]]
category = "main"
description = "multidict implementation"
name = "multidict"
optional = false
python-versions = ">=3.5"
version = "4.7.6"

[[package]]
category = "dev"
description = "Core utilities for Python packages"
name = "packaging"
optional = false
python-versions = ">=2.7, !=3.0.*, !=3.1.*, !=3.2.*, !=3.3.*"
version = "20.4"

[package.dependencies]
pyparsing = ">=2.0.2"
six = "*"

[[package]]
category = "dev"
description = "backport of pathlib 3.10 to python 3.6, 3.7, 3.8, 3.9 with a few extensions"
name = "pathlib3x"
optional = false
python-versions = ">=3.6.0"
version = "1.3.8"

[package.dependencies]
cli-exit-tools = "*"
click = "*"

[[package]]
category = "dev"
description = "plugin and hook calling mechanisms for python"
name = "pluggy"
optional = false
python-versions = ">=2.7, !=3.0.*, !=3.1.*, !=3.2.*, !=3.3.*"
version = "0.13.1"

[package.dependencies]
[package.dependencies.importlib-metadata]
python = "<3.8"
version = ">=0.12"

[package.extras]
dev = ["pre-commit", "tox"]

[[package]]
category = "dev"
description = "library with cross-python path, ini-parsing, io, code, log facilities"
name = "py"
optional = false
python-versions = ">=2.7, !=3.0.*, !=3.1.*, !=3.2.*, !=3.3.*"
version = "1.9.0"

[[package]]
category = "main"
description = "Data validation and settings management using python 3.6 type hinting"
name = "pydantic"
optional = false
python-versions = ">=3.6"
version = "1.6.1"

[package.dependencies]
[package.dependencies.dataclasses]
python = "<3.7"
version = ">=0.6"

[package.extras]
dotenv = ["python-dotenv (>=0.10.4)"]
email = ["email-validator (>=1.0.3)"]
typing_extensions = ["typing-extensions (>=3.7.2)"]

[[package]]
category = "dev"
description = "Pygments is a syntax highlighting package written in Python."
name = "pygments"
optional = false
python-versions = ">=3.5"
version = "2.6.1"

[[package]]
category = "dev"
description = "Python parsing module"
name = "pyparsing"
optional = false
python-versions = ">=2.6, !=3.0.*, !=3.1.*, !=3.2.*"
version = "2.4.7"

[[package]]
category = "dev"
description = "A python implmementation of GNU readline."
marker = "sys_platform == \"win32\""
name = "pyreadline"
optional = false
python-versions = "*"
version = "2.1"

[[package]]
category = "dev"
description = "pytest: simple powerful testing with Python"
name = "pytest"
optional = false
python-versions = ">=3.5"
version = "5.4.3"

[package.dependencies]
atomicwrites = ">=1.0"
attrs = ">=17.4.0"
colorama = "*"
more-itertools = ">=4.0.0"
packaging = "*"
pluggy = ">=0.12,<1.0"
py = ">=1.5.0"
wcwidth = "*"

[package.dependencies.importlib-metadata]
python = "<3.8"
version = ">=0.12"

[package.extras]
checkqa-mypy = ["mypy (v0.761)"]
testing = ["argcomplete", "hypothesis (>=3.56)", "mock", "nose", "requests", "xmlschema"]

[[package]]
category = "dev"
description = "commandline tool to resolve RST File includes"
name = "rst-include"
optional = false
python-versions = ">=3.6.0"
version = "2.1.0"

[package.dependencies]
cli-exit-tools = "*"
click = "*"
lib-list = "*"
lib-log-utils = "*"
pathlib3x = "*"

[[package]]
category = "dev"
description = "Python 2 and 3 compatibility utilities"
name = "six"
optional = false
python-versions = ">=2.7, !=3.0.*, !=3.1.*, !=3.2.*"
version = "1.15.0"

[[package]]
category = "main"
description = "The little ASGI library that shines."
name = "starlette"
optional = false
python-versions = ">=3.6"
version = "0.13.2"

[package.extras]
full = ["aiofiles", "graphene", "itsdangerous", "jinja2", "python-multipart", "pyyaml", "requests", "ujson"]

[[package]]
category = "main"
description = "Backported and Experimental Type Hints for Python 3.5+"
marker = "python_version < \"3.8\""
name = "typing-extensions"
optional = false
python-versions = "*"
version = "3.7.4.2"

[[package]]
category = "dev"
description = "The lightning-fast ASGI server."
name = "uvicorn"
optional = false
python-versions = "*"
version = "0.8.6"

[package.dependencies]
click = ">=7.0.0,<8.0.0"
h11 = ">=0.8.0,<0.9.0"
httptools = "0.0.13"
uvloop = ">=0.12.0,<0.13.0"
websockets = ">=7.0.0,<8.0.0"

[[package]]
category = "dev"
description = "Fast implementation of asyncio event loop on top of libuv"
marker = "sys_platform != \"win32\" and sys_platform != \"cygwin\" and platform_python_implementation != \"pypy\""
name = "uvloop"
optional = false
python-versions = "*"
version = "0.12.2"

[[package]]
category = "dev"
description = "Measures the displayed width of unicode strings in a terminal"
name = "wcwidth"
optional = false
python-versions = "*"
version = "0.2.5"

[[package]]
category = "dev"
description = "An implementation of the WebSocket Protocol (RFC 6455 & 7692)"
name = "websockets"
optional = false
python-versions = ">=3.4"
version = "7.0"

[[package]]
category = "dev"
description = "Module for decorators, wrappers and monkey patching."
name = "wrapt"
optional = false
python-versions = "*"
version = "1.12.1"

[[package]]
category = "main"
description = "Yet another URL library"
name = "yarl"
optional = false
python-versions = ">=3.5"
version = "1.5.1"

[package.dependencies]
idna = ">=2.0"
multidict = ">=4.0"

[package.dependencies.typing-extensions]
python = "<3.8"
version = ">=3.7.4"

[[package]]
category = "dev"
description = "Backport of pathlib-compatible object wrapper for zip files"
marker = "python_version < \"3.8\""
name = "zipp"
optional = false
python-versions = ">=3.6"
version = "3.1.0"

[package.extras]
docs = ["sphinx", "jaraco.packaging (>=3.2)", "rst.linker (>=1.9)"]
testing = ["jaraco.itertools", "func-timeout"]

[metadata]
content-hash = "ee92f50aeb8beedb6e00d17c72add052e8d8c2aef7c72d3cf5611d606afd9893"
python-versions = "^3.6"

[metadata.files]
aiohttp = [
    {file = "aiohttp-3.6.2-cp35-cp35m-macosx_10_13_x86_64.whl", hash = "sha256:1e984191d1ec186881ffaed4581092ba04f7c61582a177b187d3a2f07ed9719e"},
    {file = "aiohttp-3.6.2-cp35-cp35m-manylinux1_x86_64.whl", hash = "sha256:50aaad128e6ac62e7bf7bd1f0c0a24bc968a0c0590a726d5a955af193544bcec"},
    {file = "aiohttp-3.6.2-cp36-cp36m-macosx_10_13_x86_64.whl", hash = "sha256:65f31b622af739a802ca6fd1a3076fd0ae523f8485c52924a89561ba10c49b48"},
    {file = "aiohttp-3.6.2-cp36-cp36m-manylinux1_x86_64.whl", hash = "sha256:ae55bac364c405caa23a4f2d6cfecc6a0daada500274ffca4a9230e7129eac59"},
    {file = "aiohttp-3.6.2-cp36-cp36m-win32.whl", hash = "sha256:344c780466b73095a72c616fac5ea9c4665add7fc129f285fbdbca3cccf4612a"},
    {file = "aiohttp-3.6.2-cp36-cp36m-win_amd64.whl", hash = "sha256:4c6efd824d44ae697814a2a85604d8e992b875462c6655da161ff18fd4f29f17"},
    {file = "aiohttp-3.6.2-cp37-cp37m-macosx_10_13_x86_64.whl", hash = "sha256:2f4d1a4fdce595c947162333353d4a44952a724fba9ca3205a3df99a33d1307a"},
    {file = "aiohttp-3.6.2-cp37-cp37m-manylinux1_x86_64.whl", hash = "sha256:6206a135d072f88da3e71cc501c59d5abffa9d0bb43269a6dcd28d66bfafdbdd"},
    {file = "aiohttp-3.6.2-cp37-cp37m-win32.whl", hash = "sha256:b778ce0c909a2653741cb4b1ac7015b5c130ab9c897611df43ae6a58523cb965"},
    {file = "aiohttp-3.6.2-cp37-cp37m-win_amd64.whl", hash = "sha256:32e5f3b7e511aa850829fbe5aa32eb455e5534eaa4b1ce93231d00e2f76e5654"},
    {file = "aiohttp-3.6.2-py3-none-any.whl", hash = "sha256:460bd4237d2dbecc3b5ed57e122992f60188afe46e7319116da5eb8a9dfedba4"},
    {file = "aiohttp-3.6.2.tar.gz", hash = "sha256:259ab809ff0727d0e834ac5e8a283dc5e3e0ecc30c4d80b3cd17a4139ce1f326"},
]
aiojobs = [
    {file = "aiojobs-0.2.2-py3-none-any.whl", hash = "sha256:bf93b4a8d5a3ade3f85b6edb6efd9703acf60a8c5492b9fc4a6df843dd8decb3"},
    {file = "aiojobs-0.2.2.tar.gz", hash = "sha256:8e4b3e3d1bdb970bdaf8f8cd5eb4e4ff3e0e01a4abd22b4f73a87002a5ae4005"},
]
async-timeout = [
    {file = "async-timeout-3.0.1.tar.gz", hash = "sha256:0c3c816a028d47f659d6ff5c745cb2acf1f966da1fe5c19c77a70282b25f4c5f"},
    {file = "async_timeout-3.0.1-py3-none-any.whl", hash = "sha256:4291ca197d287d274d0b6cb5d6f8f8f82d434ed288f962539ff18cc9012f9ea3"},
]
atomicwrites = [
    {file = "atomicwrites-1.4.0-py2.py3-none-any.whl", hash = "sha256:6d1784dea7c0c8d4a5172b6c620f40b6e4cbfdf96d783691f2e1302a7b88e197"},
    {file = "atomicwrites-1.4.0.tar.gz", hash = "sha256:ae70396ad1a434f9c7046fd2dd196fc04b12f9e91ffb859164193be8b6168a7a"},
]
attrs = [
    {file = "attrs-19.3.0-py2.py3-none-any.whl", hash = "sha256:08a96c641c3a74e44eb59afb61a24f2cb9f4d7188748e76ba4bb5edfa3cb7d1c"},
    {file = "attrs-19.3.0.tar.gz", hash = "sha256:f7b7ce16570fe9965acd6d30101a28f62fb4a7f9e926b3bbc9b61f8b04247e72"},
]
bitranox-coloredlogs = [
    {file = "bitranox_coloredlogs-14.0.8-py3-none-any.whl", hash = "sha256:c3da6bea3f71093863d63910c750c5d21f743dacfa73576721253092aa1b3fb4"},
    {file = "bitranox_coloredlogs-14.0.8-py3.6.egg", hash = "sha256:cfda1adb4f4016d911ffa548759499ccd791ebde9d6749cd0d01fc885cf396d3"},
    {file = "bitranox_coloredlogs-14.0.8-py3.7.egg", hash = "sha256:d31fe5bd10d38f7e753bc77dd9fee82c2129dfaeac3d8f6b236b6bd2e50dde7a"},
    {file = "bitranox_coloredlogs-14.0.8-py3.8.egg", hash = "sha256:999bd71039a8e750ca073de94e0ace6227a2a412c85b4621e8e84de56037cd69"},
    {file = "bitranox_coloredlogs-14.0.8.tar.gz", hash = "sha256:2ede40df8cc5a3e9515882e4285ca1e1b271f34dd0f5e13cc5a189975d773b5b"},
]
chardet = [
    {file = "chardet-3.0.4-py2.py3-none-any.whl", hash = "sha256:fc323ffcaeaed0e0a02bf4d117757b98aed530d9ed4531e3e15460124c106691"},
    {file = "chardet-3.0.4.tar.gz", hash = "sha256:84ab92ed1c4d4f16916e05906b6b75a6c0fb5db821cc65e70cbd64a3e2a5eaae"},
]
cli-exit-tools = [
    {file = "cli_exit_tools-1.1.7-py3-none-any.whl", hash = "sha256:f86610ca0bcb8118c6d50034ee08b95b31bc5d49ccec281966e1cc8fd4abf4a7"},
    {file = "cli_exit_tools-1.1.7-py3.6.egg", hash = "sha256:53062367e52c9546489315df863c763d46d49c74b489a037fcdc5c3575ef0b01"},
    {file = "cli_exit_tools-1.1.7-py3.7.egg", hash = "sha256:0d83fe58d8532fe65143db7e7feb15a5ce373b866a397122206a388a6d3fe4d2"},
    {file = "cli_exit_tools-1.1.7-py3.8.egg", hash = "sha256:d3acd4db5b1bd553883031a0ea65d8f301951ed1c49f0279e01f593db8168099"},
    {file = "cli_exit_tools-1.1.7.tar.gz", hash = "sha256:afe4acee55cafb99c169db493c70c71993a7eb009163f3d10e071db0811fcc79"},
]
click = [
    {file = "click-7.1.2-py2.py3-none-any.whl", hash = "sha256:dacca89f4bfadd5de3d7489b7c8a566eee0d3676333fbb50030263894c38c0dc"},
    {file = "click-7.1.2.tar.gz", hash = "sha256:d2b5255c7c6349bc1bd1e59e08cd12acbbd63ce649f2588755783aa94dfb6b1a"},
]
colorama = [
    {file = "colorama-0.4.3-py2.py3-none-any.whl", hash = "sha256:7d73d2a99753107a36ac6b455ee49046802e59d9d076ef8e47b61499fa29afff"},
    {file = "colorama-0.4.3.tar.gz", hash = "sha256:e96da0d330793e2cb9485e9ddfd918d456036c7149416295932478192f4436a1"},
]
dataclasses = [
    {file = "dataclasses-0.6-py3-none-any.whl", hash = "sha256:454a69d788c7fda44efd71e259be79577822f5e3f53f029a22d08004e951dc9f"},
    {file = "dataclasses-0.6.tar.gz", hash = "sha256:6988bd2b895eef432d562370bb707d540f32f7360ab13da45340101bc2307d84"},
]
fake-winreg = [
    {file = "fake_winreg-1.5.5-py3-none-any.whl", hash = "sha256:d4ed6d332968ac09ea28334c2cc2fe15d5024b7231387c2ce6ca684e5a72c11c"},
    {file = "fake_winreg-1.5.5-py3.6.egg", hash = "sha256:7f3829aebac3d54873e3079e5af72ca48380a567a4b552dacbc655e77308c167"},
    {file = "fake_winreg-1.5.5-py3.7.egg", hash = "sha256:8184e206cfbd781de65f1ecb1384f2a02550bac6e6b2d138fcd5334574dcfd25"},
    {file = "fake_winreg-1.5.5-py3.8.egg", hash = "sha256:554f2548995d0c0dab94a7aa6de6982193ec678d362631e22936cfc7539347dc"},
    {file = "fake_winreg-1.5.5.tar.gz", hash = "sha256:dbf028ffce6bc7f89250fc14e94a054d2f69fb07df0a0777e12a558fbbe02123"},
]
fastapi = [
    {file = "fastapi-0.55.1-py3-none-any.whl", hash = "sha256:b1a96ea772f10cd0235eb09d6e282b1f5e6135dad5121ed80d6beb8fa932e075"},
    {file = "fastapi-0.55.1.tar.gz", hash = "sha256:912bc1a1b187146fd74dd45e17ea10aede3d962c921142c412458e911c50dc4c"},
]
h11 = [
    {file = "h11-0.8.1-py2.py3-none-any.whl", hash = "sha256:f2b1ca39bfed357d1f19ac732913d5f9faa54a5062eca7d2ec3a916cfb7ae4c7"},
    {file = "h11-0.8.1.tar.gz", hash = "sha256:acca6a44cb52a32ab442b1779adf0875c443c689e9e028f8d831a3769f9c5208"},
]
httptools = [
    {file = "httptools-0.0.13.tar.gz", hash = "sha256:e00cbd7ba01ff748e494248183abc6e153f49181169d8a3d41bb49132ca01dfc"},
]
humanfriendly = [
    {file = "humanfriendly-8.2-py2.py3-none-any.whl", hash = "sha256:e78960b31198511f45fd455534ae7645a6207d33e512d2e842c766d15d9c8080"},
    {file = "humanfriendly-8.2.tar.gz", hash = "sha256:bf52ec91244819c780341a3438d5d7b09f431d3f113a475147ac9b7b167a3d12"},
]
idna = [
    {file = "idna-2.10-py2.py3-none-any.whl", hash = "sha256:b97d804b1e9b523befed77c48dacec60e6dcb0b5391d57af6a65a312a90648c0"},
    {file = "idna-2.10.tar.gz", hash = "sha256:b307872f855b18632ce0c21c5e45be78c0ea7ae4c15c828c20788b26921eb3f6"},
]
idna-ssl = [
    {file = "idna-ssl-1.1.0.tar.gz", hash = "sha256:a933e3bb13da54383f9e8f35dc4f9cb9eb9b3b78c6b36f311254d6d0d92c6c7c"},
]
importlib-metadata = [
    {file = "importlib_metadata-1.7.0-py2.py3-none-any.whl", hash = "sha256:dc15b2969b4ce36305c51eebe62d418ac7791e9a157911d58bfb1f9ccd8e2070"},
    {file = "importlib_metadata-1.7.0.tar.gz", hash = "sha256:90bb658cdbbf6d1735b6341ce708fc7024a3e14e99ffdc5783edea9f9b077f83"},
]
lib-list = [
    {file = "lib_list-1.1.4-py3-none-any.whl", hash = "sha256:3bcf47e6f3ce8d0910c6fae9580ef1a3c1c97fca023bca150498f28f4e0b0f38"},
    {file = "lib_list-1.1.4-py3.6.egg", hash = "sha256:66f4f8e609586e867c70d53caa65b19002f9471de31e766166d7910d6451bc1b"},
    {file = "lib_list-1.1.4-py3.7.egg", hash = "sha256:2f88d66fa6bea740a9afeb18118899f1e04147ad34bec5ba3125036aed47b47b"},
    {file = "lib_list-1.1.4-py3.8.egg", hash = "sha256:f2b012a21fe52e3b2d13f9f0ff372aaeb4297e986dc1ef8206568ebc9b2787d9"},
    {file = "lib_list-1.1.4.tar.gz", hash = "sha256:1adce57247ff00c1164e18de6a740101e1ab636923bae89f5663bfc8f0f9af14"},
]
lib-log-utils = [
    {file = "lib_log_utils-1.4.9-py3-none-any.whl", hash = "sha256:9409cc6e37b732dcf33d19c109845a80a629231d0f98d8b257bfbbdc30464156"},
    {file = "lib_log_utils-1.4.9-py3.6.egg", hash = "sha256:e0db7d7d7efb18e6bd5c096223a78be3329b97178b5a1f2b894a5969f887df43"},
    {file = "lib_log_utils-1.4.9-py3.7.egg", hash = "sha256:b7a7cc9ea02dce4f44522e8889f336fa46dcfb9d53832be2fa3f9033300e95ca"},
    {file = "lib_log_utils-1.4.9-py3.8.egg", hash = "sha256:de210f0c9ac4fbee60f33219b6320f04c46e99556ab10292d13751b742c7940f"},
    {file = "lib_log_utils-1.4.9.tar.gz", hash = "sha256:5983b8fd6fa4f2b403ccba4ecdff9d4c0c6a783f9660856bf7a4a5982dc3483d"},
]
lib-parameter = [
    {file = "lib_parameter-1.1.7-py3-none-any.whl", hash = "sha256:da8debd34dac8e42c56cfc079930c75a93fcf5d4f5dd9c032e8c6404e7a337e9"},
    {file = "lib_parameter-1.1.7-py3.6.egg", hash = "sha256:471159ef2aae255b6c382c3748020138ac7dca82ab809076a976ed9ee9ef3b79"},
    {file = "lib_parameter-1.1.7-py3.7.egg", hash = "sha256:a6d9796e31fd521e6be5adbdc817ce7d6fb8e2dee7d93d77cf1cf0494442a3e6"},
    {file = "lib_parameter-1.1.7-py3.8.egg", hash = "sha256:a8d95911e63fc71ad47d9d4896ba6a0abf336c0f010385b925a547df5adf1d5f"},
    {file = "lib_parameter-1.1.7.tar.gz", hash = "sha256:c1a07415055eea989146a52d8918b17727327621c1576da0c50b88bd590f440a"},
]
lib-platform = [
    {file = "lib_platform-1.2.6-py3-none-any.whl", hash = "sha256:245cba74ba13a6a1a06db089864c880f50c7ee61e372f8c173f9cb80c9251b42"},
    {file = "lib_platform-1.2.6-py3.6.egg", hash = "sha256:483580f036bb971b95509213c03ea7dda6fda12396122ed1ae9df42d309ad877"},
    {file = "lib_platform-1.2.6-py3.7.egg", hash = "sha256:bd9e7286b8a58942653592602164ba84a3daea9b3dae47056eeffb10847d9211"},
    {file = "lib_platform-1.2.6-py3.8.egg", hash = "sha256:4bc49e2978f07640e4c9b12bd1f45bca91a7c10e1b304ebc356851fbc6503a18"},
    {file = "lib_platform-1.2.6.tar.gz", hash = "sha256:2e29c8cf8adb5a0f57195bbfbb22e071aa810b3e1e9e5ee06bd27da48deaf29b"},
]
lib-programname = [
    {file = "lib_programname-1.1.7-py3-none-any.whl", hash = "sha256:d863aeb818df24f65a9aacdd7e29ccd9e9711aca1d00dbf4de756f512cc9f9b2"},
    {file = "lib_programname-1.1.7-py3.6.egg", hash = "sha256:61e6144298f7bf4c0908eaa23914e84d74c60737d3fdf9ab9e67bcb168502a9e"},
    {file = "lib_programname-1.1.7-py3.7.egg", hash = "sha256:95f7c3f079a2839dd05614024a52fc82fa1784c8cff7019631e003225f9349fa"},
    {file = "lib_programname-1.1.7-py3.8.egg", hash = "sha256:00b367645cfccf9dd75eb75ca92c035f252ed5dacfcfa40f097df1868bcb0964"},
    {file = "lib_programname-1.1.7.tar.gz", hash = "sha256:cee0cbf48ea43bd2ff1e73cfbb78be547f3ac8e2da8dada9a74d386efcb71101"},
]
lib-registry = [
    {file = "lib_registry-2.0.5-py3-none-any.whl", hash = "sha256:7f3337b810089cc0f57733458456e8ec636d149038da9a3bf60b201880b1604a"},
    {file = "lib_registry-2.0.5-py3.6.egg", hash = "sha256:b35b29bbd31c4ddc7f2e2fb23cc9386b6395822b7e2d8bc7f54b628b8ef07315"},
    {file = "lib_registry-2.0.5-py3.7.egg", hash = "sha256:81624a76f806c548d0b135d4d86cab6c9f88142f9a22ffd1736b3495da4a899c"},
    {file = "lib_registry-2.0.5-py3.8.egg", hash = "sha256:0b27fb02a8c3a98145633543a50b84d3200ca9aa48cee66547654b77aabaca5e"},
    {file = "lib_registry-2.0.5.tar.gz", hash = "sha256:43e921e408d767182aa9ceae5ee2b5981d75a6634499264f15daed0eb717c884"},
]
more-itertools = [
    {file = "more-itertools-8.4.0.tar.gz", hash = "sha256:68c70cc7167bdf5c7c9d8f6954a7837089c6a36bf565383919bb595efb8a17e5"},
    {file = "more_itertools-8.4.0-py3-none-any.whl", hash = "sha256:b78134b2063dd214000685165d81c154522c3ee0a1c0d4d113c80361c234c5a2"},
]
multidict = [
    {file = "multidict-4.7.6-cp35-cp35m-macosx_10_14_x86_64.whl", hash = "sha256:275ca32383bc5d1894b6975bb4ca6a7ff16ab76fa622967625baeebcf8079000"},
    {file = "multidict-4.7.6-cp35-cp35m-manylinux1_x86_64.whl", hash = "sha256:1ece5a3369835c20ed57adadc663400b5525904e53bae59ec854a5d36b39b21a"},
    {file = "multidict-4.7.6-cp35-cp35m-win32.whl", hash = "sha256:5141c13374e6b25fe6bf092052ab55c0c03d21bd66c94a0e3ae371d3e4d865a5"},
    {file = "multidict-4.7.6-cp35-cp35m-win_amd64.whl", hash = "sha256:9456e90649005ad40558f4cf51dbb842e32807df75146c6d940b6f5abb4a78f3"},
    {file = "multidict-4.7.6-cp36-cp36m-macosx_10_14_x86_64.whl", hash = "sha256:e0d072ae0f2a179c375f67e3da300b47e1a83293c554450b29c900e50afaae87"},
    {file = "multidict-4.7.6-cp36-cp36m-manylinux1_x86_64.whl", hash = "sha256:3750f2205b800aac4bb03b5ae48025a64e474d2c6cc79547988ba1d4122a09e2"},
    {file = "multidict-4.7.6-cp36-cp36m-win32.whl", hash = "sha256:f07acae137b71af3bb548bd8da720956a3bc9f9a0b87733e0899226a2317aeb7"},
    {file = "multidict-4.7.6-cp36-cp36m-win_amd64.whl", hash = "sha256:6513728873f4326999429a8b00fc7ceddb2509b01d5fd3f3be7881a257b8d463"},
    {file = "multidict-4.7.6-cp37-cp37m-macosx_10_14_x86_64.whl", hash = "sha256:feed85993dbdb1dbc29102f50bca65bdc68f2c0c8d352468c25b54874f23c39d"},
    {file = "multidict-4.7.6-cp37-cp37m-manylinux1_x86_64.whl", hash = "sha256:fcfbb44c59af3f8ea984de67ec7c306f618a3ec771c2843804069917a8f2e255"},
    {file = "multidict-4.7.6-cp37-cp37m-win32.whl", hash = "sha256:4538273208e7294b2659b1602490f4ed3ab1c8cf9dbdd817e0e9db8e64be2507"},
    {file = "multidict-4.7.6-cp37-cp37m-win_amd64.whl", hash = "sha256:d14842362ed4cf63751648e7672f7174c9818459d169231d03c56e84daf90b7c"},
    {file = "multidict-4.7.6-cp38-cp38-macosx_10_14_x86_64.whl", hash = "sha256:c026fe9a05130e44157b98fea3ab12969e5b60691a276150db9eda71710cd10b"},
    {file = "multidict-4.7.6-cp38-cp38-manylinux1_x86_64.whl", hash = "sha256:51a4d210404ac61d32dada00a50ea7ba412e6ea945bbe992e4d7a595276d2ec7"},
    {file = "multidict-4.7.6-cp38-cp38-win32.whl", hash = "sha256:5cf311a0f5ef80fe73e4f4c0f0998ec08f954a6ec72b746f3c179e37de1d210d"},
    {file = "multidict-4.7.6-cp38-cp38-win_amd64.whl", hash = "sha256:7388d2ef3c55a8ba80da62ecfafa06a1c097c18032a501ffd4cabbc52d7f2b19"},
    {file = "multidict-4.7.6.tar.gz", hash = "sha256:fbb77a75e529021e7c4a8d4e823d88ef4d23674a202be4f5addffc72cbb91430"},
]
packaging = [
    {file = "packaging-20.4-py2.py3-none-any.whl", hash = "sha256:998416ba6962ae7fbd6596850b80e17859a5753ba17c32284f67bfff33784181"},
    {file = "packaging-20.4.tar.gz", hash = "sha256:4357f74f47b9c12db93624a82154e9b120fa8293699949152b22065d556079f8"},
]
pathlib3x = [
    {file = "pathlib3x-1.3.8-py3-none-any.whl", hash = "sha256:86a101794e3908d7cf6ea2f681ebd2ecd5cdf29226165fc598b7373a0571767a"},
    {file = "pathlib3x-1.3.8-py3.6.egg", hash = "sha256:9ef4f26146c1a6c739c3bdf3edfa92dd2bc64c9f4357e42ec63fb058ae25662d"},
    {file = "pathlib3x-1.3.8-py3.7.egg", hash = "sha256:b433369997ca41e517e19e4c0e8d84be04a848b12a3133c73d38a254fdb9f457"},
    {file = "pathlib3x-1.3.8-py3.8.egg", hash = "sha256:a0574e86f0fdc36a85c3173213c0ac8a37c4befbd16ecbe42d581a0b284fd227"},
    {file = "pathlib3x-1.3.8.tar.gz", hash = "sha256:18639d557d01dd5727f8edea981ac2fb67e5471d82e6492db2ef40a583c67d6a"},
]
pluggy = [
    {file = "pluggy-0.13.1-py2.py3-none-any.whl", hash = "sha256:966c145cd83c96502c3c3868f50408687b38434af77734af1e9ca461a4081d2d"},
    {file = "pluggy-0.13.1.tar.gz", hash = "sha256:15b2acde666561e1298d71b523007ed7364de07029219b604cf808bfa1c765b0"},
]
py = [
    {file = "py-1.9.0-py2.py3-none-any.whl", hash = "sha256:366389d1db726cd2fcfc79732e75410e5fe4d31db13692115529d34069a043c2"},
    {file = "py-1.9.0.tar.gz", hash = "sha256:9ca6883ce56b4e8da7e79ac18787889fa5206c79dcc67fb065376cd2fe03f342"},
]
pydantic = [
    {file = "pydantic-1.6.1-cp36-cp36m-macosx_10_9_x86_64.whl", hash = "sha256:418b84654b60e44c0cdd5384294b0e4bc1ebf42d6e873819424f3b78b8690614"},
    {file = "pydantic-1.6.1-cp36-cp36m-manylinux1_i686.whl", hash = "sha256:4900b8820b687c9a3ed753684337979574df20e6ebe4227381d04b3c3c628f99"},
    {file = "pydantic-1.6.1-cp36-cp36m-manylinux2014_i686.whl", hash = "sha256:b49c86aecde15cde33835d5d6360e55f5e0067bb7143a8303bf03b872935c75b"},
    {file = "pydantic-1.6.1-cp36-cp36m-manylinux2014_x86_64.whl", hash = "sha256:2de562a456c4ecdc80cf1a8c3e70c666625f7d02d89a6174ecf63754c734592e"},
    {file = "pydantic-1.6.1-cp36-cp36m-win_amd64.whl", hash = "sha256:f769141ab0abfadf3305d4fcf36660e5cf568a666dd3efab7c3d4782f70946b1"},
    {file = "pydantic-1.6.1-cp37-cp37m-macosx_10_9_x86_64.whl", hash = "sha256:2dc946b07cf24bee4737ced0ae77e2ea6bc97489ba5a035b603bd1b40ad81f7e"},
    {file = "pydantic-1.6.1-cp37-cp37m-manylinux1_i686.whl", hash = "sha256:36dbf6f1be212ab37b5fda07667461a9219c956181aa5570a00edfb0acdfe4a1"},
    {file = "pydantic-1.6.1-cp37-cp37m-manylinux2014_i686.whl", hash = "sha256:1783c1d927f9e1366e0e0609ae324039b2479a1a282a98ed6a6836c9ed02002c"},
    {file = "pydantic-1.6.1-cp37-cp37m-manylinux2014_x86_64.whl", hash = "sha256:cf3933c98cb5e808b62fae509f74f209730b180b1e3c3954ee3f7949e083a7df"},
    {file = "pydantic-1.6.1-cp37-cp37m-win_amd64.whl", hash = "sha256:f8af9b840a9074e08c0e6dc93101de84ba95df89b267bf7151d74c553d66833b"},
    {file = "pydantic-1.6.1-cp38-cp38-macosx_10_9_x86_64.whl", hash = "sha256:40d765fa2d31d5be8e29c1794657ad46f5ee583a565c83cea56630d3ae5878b9"},
    {file = "pydantic-1.6.1-cp38-cp38-manylinux1_i686.whl", hash = "sha256:3fa799f3cfff3e5f536cbd389368fc96a44bb30308f258c94ee76b73bd60531d"},
    {file = "pydantic-1.6.1-cp38-cp38-manylinux2014_i686.whl", hash = "sha256:6c3f162ba175678218629f446a947e3356415b6b09122dcb364e58c442c645a7"},
    {file = "pydantic-1.6.1-cp38-cp38-manylinux2014_x86_64.whl", hash = "sha256:eb75dc1809875d5738df14b6566ccf9fd9c0bcde4f36b72870f318f16b9f5c20"},
    {file = "pydantic-1.6.1-cp38-cp38-win_amd64.whl", hash = "sha256:530d7222a2786a97bc59ee0e0ebbe23728f82974b1f1ad9a11cd966143410633"},
    {file = "pydantic-1.6.1-py36.py37.py38-none-any.whl", hash = "sha256:b5b3489cb303d0f41ad4a7390cf606a5f2c7a94dcba20c051cd1c653694cb14d"},
    {file = "pydantic-1.6.1.tar.gz", hash = "sha256:54122a8ed6b75fe1dd80797f8251ad2063ea348a03b77218d73ea9fe19bd4e73"},
]
pygments = [
    {file = "Pygments-2.6.1-py3-none-any.whl", hash = "sha256:ff7a40b4860b727ab48fad6360eb351cc1b33cbf9b15a0f689ca5353e9463324"},
    {file = "Pygments-2.6.1.tar.gz", hash = "sha256:647344a061c249a3b74e230c739f434d7ea4d8b1d5f3721bc0f3558049b38f44"},
]
pyparsing = [
    {file = "pyparsing-2.4.7-py2.py3-none-any.whl", hash = "sha256:ef9d7589ef3c200abe66653d3f1ab1033c3c419ae9b9bdb1240a85b024efc88b"},
    {file = "pyparsing-2.4.7.tar.gz", hash = "sha256:c203ec8783bf771a155b207279b9bccb8dea02d8f0c9e5f8ead507bc3246ecc1"},
]
pyreadline = [
    {file = "pyreadline-2.1.win-amd64.exe", hash = "sha256:9ce5fa65b8992dfa373bddc5b6e0864ead8f291c94fbfec05fbd5c836162e67b"},
    {file = "pyreadline-2.1.win32.exe", hash = "sha256:65540c21bfe14405a3a77e4c085ecfce88724743a4ead47c66b84defcf82c32e"},
    {file = "pyreadline-2.1.zip", hash = "sha256:4530592fc2e85b25b1a9f79664433da09237c1a270e4d78ea5aa3a2c7229e2d1"},
]
pytest = [
    {file = "pytest-5.4.3-py3-none-any.whl", hash = "sha256:5c0db86b698e8f170ba4582a492248919255fcd4c79b1ee64ace34301fb589a1"},
    {file = "pytest-5.4.3.tar.gz", hash = "sha256:7979331bfcba207414f5e1263b5a0f8f521d0f457318836a7355531ed1a4c7d8"},
]
rst-include = [
    {file = "rst_include-2.1.0-py3-none-any.whl", hash = "sha256:a32aff9d707fb586c1ab7933704ca1020ac4ea7ec38f68570e4b301ba6097c34"},
    {file = "rst_include-2.1.0-py3.6.egg", hash = "sha256:e4201a502322256b5019214a14acc44cb7d2414c135f6f0fcb27099f7d8c19e1"},
    {file = "rst_include-2.1.0-py3.7.egg", hash = "sha256:6ff8d473ccbe511af5e68536145c028e6c89e7fd95416869ffe7b94d7378c2cb"},
    {file = "rst_include-2.1.0-py3.8.egg", hash = "sha256:4f4a08d6d49621672979a1a8137d77a11b766e753e36ef94e6ac7d98232dd35e"},
    {file = "rst_include-2.1.0.tar.gz", hash = "sha256:45dc4fce8ca00d064c95525b59541c8f439f53ba0cddf6c433695cc2bf44088b"},
]
six = [
    {file = "six-1.15.0-py2.py3-none-any.whl", hash = "sha256:8b74bedcbbbaca38ff6d7491d76f2b06b3592611af620f8426e82dddb04a5ced"},
    {file = "six-1.15.0.tar.gz", hash = "sha256:30639c035cdb23534cd4aa2dd52c3bf48f06e5f4a941509c8bafd8ce11080259"},
]
starlette = [
    {file = "starlette-0.13.2-py3-none-any.whl", hash = "sha256:6169ee78ded501095d1dda7b141a1dc9f9934d37ad23196e180150ace2c6449b"},
    {file = "starlette-0.13.2.tar.gz", hash = "sha256:a9bb130fa7aa736eda8a814b6ceb85ccf7a209ed53843d0d61e246b380afa10f"},
]
typing-extensions = [
    {file = "typing_extensions-3.7.4.2-py2-none-any.whl", hash = "sha256:f8d2bd89d25bc39dabe7d23df520442fa1d8969b82544370e03d88b5a591c392"},
    {file = "typing_extensions-3.7.4.2-py3-none-any.whl", hash = "sha256:6e95524d8a547a91e08f404ae485bbb71962de46967e1b71a0cb89af24e761c5"},
    {file = "typing_extensions-3.7.4.2.tar.gz", hash = "sha256:79ee589a3caca649a9bfd2a8de4709837400dfa00b6cc81962a1e6a1815969ae"},
]
uvicorn = [
    {file = "uvicorn-0.8.6.tar.gz", hash = "sha256:8aa44f9d9c3082ef693950387ea25d376e32944df6d4071dbd8edc3c25a40c74"},
]
uvloop = [
    {file = "uvloop-0.12.2-cp35-cp35m-macosx_10_11_x86_64.whl", hash = "sha256:ac1dca3d8f3ef52806059e81042ee397ac939e5a86c8a3cea55d6b087db66115"},
    {file = "uvloop-0.12.2-cp35-cp35m-manylinux1_i686.whl", hash = "sha256:8c200457e6847f28d8bb91c5e5039d301716f5f2fce25646f5fb3fd65eda4a26"},
    {file = "uvloop-0.12.2-cp35-cp35m-manylinux1_x86_64.whl", hash = "sha256:fefc3b2b947c99737c348887db2c32e539160dcbeb7af9aa6b53db7a283538fe"},
    {file = "uvloop-0.12.2-cp36-cp36m-macosx_10_11_x86_64.whl", hash = "sha256:958906b9ca39eb158414fbb7d6b8ef1b7aee4db5c8e8e5d00fcbb69a1ce9dca7"},
    {file = "uvloop-0.12.2-cp36-cp36m-manylinux1_i686.whl", hash = "sha256:67867aafd6e0bc2c30a079603a85d83b94f23c5593b3cc08ec7e58ac18bf48e5"},
    {file = "uvloop-0.12.2-cp36-cp36m-manylinux1_x86_64.whl", hash = "sha256:2f31de1742c059c96cb76b91c5275b22b22b965c886ee1fced093fa27dde9e64"},
    {file = "uvloop-0.12.2-cp37-cp37m-macosx_10_11_x86_64.whl", hash = "sha256:b284c22d8938866318e3b9d178142b8be316c52d16fcfe1560685a686718a021"},
    {file = "uvloop-0.12.2-cp37-cp37m-manylinux1_i686.whl", hash = "sha256:0fcd894f6fc3226a962ee7ad895c4f52e3f5c3c55098e21efb17c071849a0573"},
    {file = "uvloop-0.12.2-cp37-cp37m-manylinux1_x86_64.whl", hash = "sha256:459e4649fcd5ff719523de33964aa284898e55df62761e7773d088823ccbd3e0"},
    {file = "uvloop-0.12.2.tar.gz", hash = "sha256:c48692bf4587ce281d641087658eca275a5ad3b63c78297bbded96570ae9ce8f"},
]
wcwidth = [
    {file = "wcwidth-0.2.5-py2.py3-none-any.whl", hash = "sha256:beb4802a9cebb9144e99086eff703a642a13d6a0052920003a230f3294bbe784"},
    {file = "wcwidth-0.2.5.tar.gz", hash = "sha256:c4d647b99872929fdb7bdcaa4fbe7f01413ed3d98077df798530e5b04f116c83"},
]
websockets = [
    {file = "websockets-7.0-cp34-cp34m-macosx_10_6_intel.whl", hash = "sha256:8e447e05ec88b1b408a4c9cde85aa6f4b04f06aa874b9f0b8e8319faf51b1fee"},
    {file = "websockets-7.0-cp34-cp34m-manylinux1_i686.whl", hash = "sha256:5eda665f6789edb9b57b57a159b9c55482cbe5b046d7db458948370554b16439"},
    {file = "websockets-7.0-cp34-cp34m-manylinux1_x86_64.whl", hash = "sha256:5edb2524d4032be4564c65dc4f9d01e79fe8fad5f966e5b552f4e5164fef0885"},
    {file = "websockets-7.0-cp34-cp34m-win32.whl", hash = "sha256:e98d0cec437097f09c7834a11c69d79fe6241729b23f656cfc227e93294fc242"},
    {file = "websockets-7.0-cp34-cp34m-win_amd64.whl", hash = "sha256:90ea6b3e7787620bb295a4ae050d2811c807d65b1486749414f78cfd6fb61489"},
    {file = "websockets-7.0-cp35-cp35m-macosx_10_6_intel.whl", hash = "sha256:55d86102282a636e195dad68aaaf85b81d0bef449d7e2ef2ff79ac450bb25d53"},
    {file = "websockets-7.0-cp35-cp35m-manylinux1_i686.whl", hash = "sha256:e1df1a58ed2468c7b7ce9a2f9752a32ad08eac2bcd56318625c3647c2cd2da6f"},
    {file = "websockets-7.0-cp35-cp35m-manylinux1_x86_64.whl", hash = "sha256:10d89d4326045bf5e15e83e9867c85d686b612822e4d8f149cf4840aab5f46e0"},
    {file = "websockets-7.0-cp35-cp35m-win32.whl", hash = "sha256:564d2675682bd497b59907d2205031acbf7d3fadf8c763b689b9ede20300b215"},
    {file = "websockets-7.0-cp35-cp35m-win_amd64.whl", hash = "sha256:d40f081187f7b54d7a99d8a5c782eaa4edc335a057aa54c85059272ed826dc09"},
    {file = "websockets-7.0-cp36-cp36m-macosx_10_6_intel.whl", hash = "sha256:4bf4c8097440eff22bc78ec76fe2a865a6e658b6977a504679aaf08f02c121da"},
    {file = "websockets-7.0-cp36-cp36m-manylinux1_i686.whl", hash = "sha256:51642ea3a00772d1e48fb0c492f0d3ae3b6474f34d20eca005a83f8c9c06c561"},
    {file = "websockets-7.0-cp36-cp36m-manylinux1_x86_64.whl", hash = "sha256:79691794288bc51e2a3b8de2bc0272ca8355d0b8503077ea57c0716e840ebaef"},
    {file = "websockets-7.0-cp36-cp36m-win32.whl", hash = "sha256:5d13bf5197a92149dc0badcc2b699267ff65a867029f465accfca8abab95f412"},
    {file = "websockets-7.0-cp36-cp36m-win_amd64.whl", hash = "sha256:7fcc8681e9981b9b511cdee7c580d5b005f3bb86b65bde2188e04a29f1d63317"},
    {file = "websockets-7.0-cp37-cp37m-macosx_10_6_intel.whl", hash = "sha256:fc30cdf2e949a2225b012a7911d1d031df3d23e99b7eda7dfc982dc4a860dae9"},
    {file = "websockets-7.0-cp37-cp37m-manylinux1_i686.whl", hash = "sha256:f8d59627702d2ff27cb495ca1abdea8bd8d581de425c56e93bff6517134e0a9b"},
    {file = "websockets-7.0-cp37-cp37m-manylinux1_x86_64.whl", hash = "sha256:232fac8a1978fc1dead4b1c2fa27c7756750fb393eb4ac52f6bc87ba7242b2fa"},
    {file = "websockets-7.0-cp37-cp37m-win32.whl", hash = "sha256:04b42a1b57096ffa5627d6a78ea1ff7fad3bc2c0331ffc17bc32a4024da7fea0"},
    {file = "websockets-7.0-cp37-cp37m-win_amd64.whl", hash = "sha256:9e13239952694b8b831088431d15f771beace10edfcf9ef230cefea14f18508f"},
    {file = "websockets-7.0.tar.gz", hash = "sha256:08e3c3e0535befa4f0c4443824496c03ecc25062debbcf895874f8a0b4c97c9f"},
]
wrapt = [
    {file = "wrapt-1.12.1.tar.gz", hash = "sha256:b62ffa81fb85f4332a4f609cab4ac40709470da05643a082ec1eb88e6d9b97d7"},
]
yarl = [
    {file = "yarl-1.5.1-cp35-cp35m-macosx_10_14_x86_64.whl", hash = "sha256:db6db0f45d2c63ddb1a9d18d1b9b22f308e52c83638c26b422d520a815c4b3fb"},
    {file = "yarl-1.5.1-cp35-cp35m-manylinux1_x86_64.whl", hash = "sha256:17668ec6722b1b7a3a05cc0167659f6c95b436d25a36c2d52db0eca7d3f72593"},
    {file = "yarl-1.5.1-cp35-cp35m-win32.whl", hash = "sha256:040b237f58ff7d800e6e0fd89c8439b841f777dd99b4a9cca04d6935564b9409"},
    {file = "yarl-1.5.1-cp35-cp35m-win_amd64.whl", hash = "sha256:f18d68f2be6bf0e89f1521af2b1bb46e66ab0018faafa81d70f358153170a317"},
    {file = "yarl-1.5.1-cp36-cp36m-macosx_10_14_x86_64.whl", hash = "sha256:c52ce2883dc193824989a9b97a76ca86ecd1fa7955b14f87bf367a61b6232511"},
    {file = "yarl-1.5.1-cp36-cp36m-manylinux1_x86_64.whl", hash = "sha256:ce584af5de8830d8701b8979b18fcf450cef9a382b1a3c8ef189bedc408faf1e"},
    {file = "yarl-1.5.1-cp36-cp36m-win32.whl", hash = "sha256:df89642981b94e7db5596818499c4b2219028f2a528c9c37cc1de45bf2fd3a3f"},
    {file = "yarl-1.5.1-cp36-cp36m-win_amd64.whl", hash = "sha256:3a584b28086bc93c888a6c2aa5c92ed1ae20932f078c46509a66dce9ea5533f2"},
    {file = "yarl-1.5.1-cp37-cp37m-macosx_10_14_x86_64.whl", hash = "sha256:da456eeec17fa8aa4594d9a9f27c0b1060b6a75f2419fe0c00609587b2695f4a"},
    {file = "yarl-1.5.1-cp37-cp37m-manylinux1_x86_64.whl", hash = "sha256:bc2f976c0e918659f723401c4f834deb8a8e7798a71be4382e024bcc3f7e23a8"},
    {file = "yarl-1.5.1-cp37-cp37m-win32.whl", hash = "sha256:4439be27e4eee76c7632c2427ca5e73703151b22cae23e64adb243a9c2f565d8"},
    {file = "yarl-1.5.1-cp37-cp37m-win_amd64.whl", hash = "sha256:48e918b05850fffb070a496d2b5f97fc31d15d94ca33d3d08a4f86e26d4e7c5d"},
    {file = "yarl-1.5.1-cp38-cp38-macosx_10_14_x86_64.whl", hash = "sha256:9b930776c0ae0c691776f4d2891ebc5362af86f152dd0da463a6614074cb1b02"},
    {file = "yarl-1.5.1-cp38-cp38-manylinux1_x86_64.whl", hash = "sha256:b3b9ad80f8b68519cc3372a6ca85ae02cc5a8807723ac366b53c0f089db19e4a"},
    {file = "yarl-1.5.1-cp38-cp38-win32.whl", hash = "sha256:f379b7f83f23fe12823085cd6b906edc49df969eb99757f58ff382349a3303c6"},
    {file = "yarl-1.5.1-cp38-cp38-win_amd64.whl", hash = "sha256:9102b59e8337f9874638fcfc9ac3734a0cfadb100e47d55c20d0dc6087fb4692"},
    {file = "yarl-1.5.1.tar.gz", hash = "sha256:c22c75b5f394f3d47105045ea551e08a3e804dc7e01b37800ca35b58f856c3d6"},
]
zipp = [
    {file = "zipp-3.1.0-py3-none-any.whl", hash = "sha256:aa36550ff0c0b7ef7fa639055d797116ee891440eac1a56f378e2d3179e0320b"},
    {file = "zipp-3.1.0.tar.gz", hash = "sha256:c599e4d75c98f6798c509911d08a22e6c021d074469042177c8c86fb92eefd96"},
]
